
Microsoft Visual Studio Solution File, Format Version 12.00
# Visual Studio Version 16
VisualStudioVersion = 16.0.29709.97
MinimumVisualStudioVersion = 10.0.40219.1
Project("{FAE04EC0-301F-11D3-BF4B-00C04F79EFBC}") = "apod_wallpaper", "apod_wallpaper\apod_wallpaper.csproj", "{F3E29F2C-7D62-482C-83FD-6EBBA0CC4B99}"
EndProject
Project("{FAE04EC0-301F-11D3-BF4B-00C04F79EFBC}") = "apod_wallpaper.Core", "apod_wallpaper.Core\apod_wallpaper.Core.csproj", "{A5E9275F-FB85-4509-81A7-8B4AEE2A6B6F}"
EndProject
Project("{FAE04EC0-301F-11D3-BF4B-00C04F79EFBC}") = "apod_wallpaper.SmokeTests", "apod_wallpaper.SmokeTests\apod_wallpaper.SmokeTests.csproj", "{B0D81B69-01A0-4F11-9B17-1CBF2F0DD3A7}"
EndProject
Global
	GlobalSection(SolutionConfigurationPlatforms) = preSolution
		Debug|Any CPU = Debug|Any CPU
		Release|Any CPU = Release|Any CPU
	EndGlobalSection
	GlobalSection(ProjectConfigurationPlatforms) = postSolution
		{F3E29F2C-7D62-482C-83FD-6EBBA0CC4B99}.Debug|Any CPU.ActiveCfg = Debug|Any CPU
		{F3E29F2C-7D62-482C-83FD-6EBBA0CC4B99}.Debug|Any CPU.Build.0 = Debug|Any CPU
		{F3E29F2C-7D62-482C-83FD-6EBBA0CC4B99}.Release|Any CPU.ActiveCfg = Release|Any CPU
		{F3E29F2C-7D62-482C-83FD-6EBBA0CC4B99}.Release|Any CPU.Build.0 = Release|Any CPU
		{A5E9275F-FB85-4509-81A7-8B4AEE2A6B6F}.Debug|Any CPU.ActiveCfg = Debug|Any CPU
		{A5E9275F-FB85-4509-81A7-8B4AEE2A6B6F}.Debug|Any CPU.Build.0 = Debug|Any CPU
		{A5E9275F-FB85-4509-81A7-8B4AEE2A6B6F}.Release|Any CPU.ActiveCfg = Release|Any CPU
		{A5E9275F-FB85-4509-81A7-8B4AEE2A6B6F}.Release|Any CPU.Build.0 = Release|Any CPU
		{B0D81B69-01A0-4F11-9B17-1CBF2F0DD3A7}.Debug|Any CPU.ActiveCfg = Debug|Any CPU
		{B0D81B69-01A0-4F11-9B17-1CBF2F0DD3A7}.Debug|Any CPU.Build.0 = Debug|Any CPU
		{B0D81B69-01A0-4F11-9B17-1CBF2F0DD3A7}.Release|Any CPU.ActiveCfg = Release|Any CPU
		{B0D81B69-01A0-4F11-9B17-1CBF2F0DD3A7}.Release|Any CPU.Build.0 = Release|Any CPU
	EndGlobalSection
	GlobalSection(SolutionProperties) = preSolution
		HideSolutionNode = FALSE
	EndGlobalSection
	GlobalSection(ExtensibilityGlobals) = postSolution
		SolutionGuid = {3840684F-8E83-45DC-995D-D683BDFD16B5}
	EndGlobalSection
EndGlobal
